// !$*UTF8*$!
{
	archiveVersion = 1;
	classes = {
	};
	objectVersion = 46;
	objects = {

/* Begin PBXBuildFile section */
		7EBB0A941D29BE6500FA0E4A /* AppDelegate.swift in Sources */ = {isa = PBXBuildFile; fileRef = 7EBB0A931D29BE6500FA0E4A /* AppDelegate.swift */; };
		7EBB0A961D29BE6500FA0E4A /* ViewController.swift in Sources */ = {isa = PBXBuildFile; fileRef = 7EBB0A951D29BE6500FA0E4A /* ViewController.swift */; };
		7EBB0A991D29BE6500FA0E4A /* Main.storyboard in Resources */ = {isa = PBXBuildFile; fileRef = 7EBB0A971D29BE6500FA0E4A /* Main.storyboard */; };
		7EBB0A9B1D29BE6500FA0E4A /* Assets.xcassets in Resources */ = {isa = PBXBuildFile; fileRef = 7EBB0A9A1D29BE6500FA0E4A /* Assets.xcassets */; };
		7EBB0A9E1D29BE6500FA0E4A /* LaunchScreen.storyboard in Resources */ = {isa = PBXBuildFile; fileRef = 7EBB0A9C1D29BE6500FA0E4A /* LaunchScreen.storyboard */; };
		7EBB0AA61D29BFF300FA0E4A /* Character.swift in Sources */ = {isa = PBXBuildFile; fileRef = 7EBB0AA51D29BFF300FA0E4A /* Character.swift */; };
		7EBB0AA81D29C25300FA0E4A /* Player.swift in Sources */ = {isa = PBXBuildFile; fileRef = 7EBB0AA71D29C25300FA0E4A /* Player.swift */; };
		7EBB0AAA1D29C44500FA0E4A /* Enemy.swift in Sources */ = {isa = PBXBuildFile; fileRef = 7EBB0AA91D29C44500FA0E4A /* Enemy.swift */; };
		7EBB0AAC1D29C74B00FA0E4A /* Kimara.swift in Sources */ = {isa = PBXBuildFile; fileRef = 7EBB0AAB1D29C74B00FA0E4A /* Kimara.swift */; };
		7EBB0AAE1D29CC3C00FA0E4A /* DevilWizard.swift in Sources */ = {isa = PBXBuildFile; fileRef = 7EBB0AAD1D29CC3C00FA0E4A /* DevilWizard.swift */; };
/* End PBXBuildFile section */

/* Begin PBXFileReference section */
		7EBB0A901D29BE6500FA0E4A /* rgpoop.app */ = {isa = PBXFileReference; explicitFileType = wrapper.application; includeInIndex = 0; path = rgpoop.app; sourceTree = BUILT_PRODUCTS_DIR; };
		7EBB0A931D29BE6500FA0E4A /* AppDelegate.swift */ = {isa = PBXFileReference; lastKnownFileType = sourcecode.swift; path = AppDelegate.swift; sourceTree = "<group>"; };
		7EBB0A951D29BE6500FA0E4A /* ViewController.swift */ = {isa = PBXFileReference; lastKnownFileType = sourcecode.swift; path = ViewController.swift; sourceTree = "<group>"; };
		7EBB0A981D29BE6500FA0E4A /* Base */ = {isa = PBXFileReference; lastKnownFileType = file.storyboard; name = Base; path = Base.lproj/Main.storyboard; sourceTree = "<group>"; };
		7EBB0A9A1D29BE6500FA0E4A /* Assets.xcassets */ = {isa = PBXFileReference; lastKnownFileType = folder.assetcatalog; path = Assets.xcassets; sourceTree = "<group>"; };
		7EBB0A9D1D29BE6500FA0E4A /* Base */ = {isa = PBXFileReference; lastKnownFileType = file.storyboard; name = Base; path = Base.lproj/LaunchScreen.storyboard; sourceTree = "<group>"; };
		7EBB0A9F1D29BE6500FA0E4A /* Info.plist */ = {isa = PBXFileReference; lastKnownFileType = text.plist.xml; path = Info.plist; sourceTree = "<group>"; };
		7EBB0AA51D29BFF300FA0E4A /* Character.swift */ = {isa = PBXFileReference; fileEncoding = 4; lastKnownFileType = sourcecode.swift; path = Character.swift; sourceTree = "<group>"; };
		7EBB0AA71D29C25300FA0E4A /* Player.swift */ = {isa = PBXFileReference; fileEncoding = 4; lastKnownFileType = sourcecode.swift; path = Player.swift; sourceTree = "<group>"; };
		7EBB0AA91D29C44500FA0E4A /* Enemy.swift */ = {isa = PBXFileReference; fileEncoding = 4; lastKnownFileType = sourcecode.swift; path = Enemy.swift; sourceTree = "<group>"; };
		7EBB0AAB1D29C74B00FA0E4A /* Kimara.swift */ = {isa = PBXFileReference; fileEncoding = 4; lastKnownFileType = sourcecode.swift; path = Kimara.swift; sourceTree = "<group>"; };
		7EBB0AAD1D29CC3C00FA0E4A /* DevilWizard.swift */ = {isa = PBXFileReference; fileEncoding = 4; lastKnownFileType = sourcecode.swift; path = DevilWizard.swift; sourceTree = "<group>"; };
/* End PBXFileReference section */

/* Begin PBXFrameworksBuildPhase section */
		7EBB0A8D1D29BE6400FA0E4A /* Frameworks */ = {
			isa = PBXFrameworksBuildPhase;
			buildActionMask = 2147483647;
			files = (
			);
			runOnlyForDeploymentPostprocessing = 0;
		};
/* End PBXFrameworksBuildPhase section */

/* Begin PBXGroup section */
		7EBB0A871D29BE6400FA0E4A = {
			isa = PBXGroup;
			children = (
				7EBB0A921D29BE6500FA0E4A /* rgpoop */,
				7EBB0A911D29BE6500FA0E4A /* Products */,
			);
			sourceTree = "<group>";
		};
		7EBB0A911D29BE6500FA0E4A /* Products */ = {
			isa = PBXGroup;
			children = (
				7EBB0A901D29BE6500FA0E4A /* rgpoop.app */,
			);
			name = Products;
			sourceTree = "<group>";
		};
		7EBB0A921D29BE6500FA0E4A /* rgpoop */ = {
			isa = PBXGroup;
			children = (
				7EBB0A931D29BE6500FA0E4A /* AppDelegate.swift */,
				7EBB0A951D29BE6500FA0E4A /* ViewController.swift */,
				7EBB0A971D29BE6500FA0E4A /* Main.storyboard */,
				7EBB0A9A1D29BE6500FA0E4A /* Assets.xcassets */,
				7EBB0A9C1D29BE6500FA0E4A /* LaunchScreen.storyboard */,
				7EBB0A9F1D29BE6500FA0E4A /* Info.plist */,
				7EBB0AA51D29BFF300FA0E4A /* Character.swift */,
				7EBB0AA71D29C25300FA0E4A /* Player.swift */,
				7EBB0AA91D29C44500FA0E4A /* Enemy.swift */,
				7EBB0AAB1D29C74B00FA0E4A /* Kimara.swift */,
				7EBB0AAD1D29CC3C00FA0E4A /* DevilWizard.swift */,
			);
			path = rgpoop;
			sourceTree = "<group>";
		};
/* End PBXGroup section */

/* Begin PBXNativeTarget section */
		7EBB0A8F1D29BE6400FA0E4A /* rgpoop */ = {
			isa = PBXNativeTarget;
			buildConfigurationList = 7EBB0AA21D29BE6500FA0E4A /* Build configuration list for PBXNativeTarget "rgpoop" */;
			buildPhases = (
				7EBB0A8C1D29BE6400FA0E4A /* Sources */,
				7EBB0A8D1D29BE6400FA0E4A /* Frameworks */,
				7EBB0A8E1D29BE6400FA0E4A /* Resources */,
			);
			buildRules = (
			);
			dependencies = (
			);
			name = rgpoop;
			productName = rgpoop;
			productReference = 7EBB0A901D29BE6500FA0E4A /* rgpoop.app */;
			productType = "com.apple.product-type.application";
		};
/* End PBXNativeTarget section */

/* Begin PBXProject section */
		7EBB0A881D29BE6400FA0E4A /* Project object */ = {
			isa = PBXProject;
			attributes = {
				LastSwiftUpdateCheck = 0730;
				LastUpgradeCheck = 0730;
				ORGANIZATIONNAME = jaezenlim;
				TargetAttributes = {
					7EBB0A8F1D29BE6400FA0E4A = {
						CreatedOnToolsVersion = 7.3.1;
					};
				};
			};
			buildConfigurationList = 7EBB0A8B1D29BE6400FA0E4A /* Build configuration list for PBXProject "rgpoop" */;
			compatibilityVersion = "Xcode 3.2";
			developmentRegion = English;
			hasScannedForEncodings = 0;
			knownRegions = (
				en,
				Base,
			);
			mainGroup = 7EBB0A871D29BE6400FA0E4A;
			productRefGroup = 7EBB0A911D29BE6500FA0E4A /* Products */;
			projectDirPath = "";
			projectRoot = "";
			targets = (
				7EBB0A8F1D29BE6400FA0E4A /* rgpoop */,
			);
		};
/* End PBXProject section */

/* Begin PBXResourcesBuildPhase section */
		7EBB0A8E1D29BE6400FA0E4A /* Resources */ = {
			isa = PBXResourcesBuildPhase;
			buildActionMask = 2147483647;
			files = (
				7EBB0A9E1D29BE6500FA0E4A /* LaunchScreen.storyboard in Resources */,
				7EBB0A9B1D29BE6500FA0E4A /* Assets.xcassets in Resources */,
				7EBB0A991D29BE6500FA0E4A /* Main.storyboard in Resources */,
			);
			runOnlyForDeploymentPostprocessing = 0;
		};
/* End PBXResourcesBuildPhase section */

/* Begin PBXSourcesBuildPhase section */
		7EBB0A8C1D29BE6400FA0E4A /* Sources */ = {
			isa = PBXSourcesBuildPhase;
			buildActionMask = 2147483647;
			files = (
				7EBB0AA81D29C25300FA0E4A /* Player.swift in Sources */,
				7EBB0AAA1D29C44500FA0E4A /* Enemy.swift in Sources */,
				7EBB0AAE1D29CC3C00FA0E4A /* DevilWizard.swift in Sources */,
				7EBB0AAC1D29C74B00FA0E4A /* Kimara.swift in Sources */,
				7EBB0AA61D29BFF300FA0E4A /* Character.swift in Sources */,
				7EBB0A961D29BE6500FA0E4A /* ViewController.swift in Sources */,
				7EBB0A941D29BE6500FA0E4A /* AppDelegate.swift in Sources */,
			);
			runOnlyForDeploymentPostprocessing = 0;
		};
/* End PBXSourcesBuildPhase section */

/* Begin PBXVariantGroup section */
		7EBB0A971D29BE6500FA0E4A /* Main.storyboard */ = {
			isa = PBXVariantGroup;
			children = (
				7EBB0A981D29BE6500FA0E4A /* Base */,
			);
			name = Main.storyboard;
			sourceTree = "<group>";
		};
		7EBB0A9C1D29BE6500FA0E4A /* LaunchScreen.storyboard */ = {
			isa = PBXVariantGroup;
			children = (
				7EBB0A9D1D29BE6500FA0E4A /* Base */,
			);
			name = LaunchScreen.storyboard;
			sourceTree = "<group>";
		};
/* End PBXVariantGroup section */

/* Begin XCBuildConfiguration section */
		7EBB0AA01D29BE6500FA0E4A /* Debug */ = {
			isa = XCBuildConfiguration;
			buildSettings = {
				ALWAYS_SEARCH_USER_PATHS = NO;
				CLANG_ANALYZER_NONNULL = YES;
				CLANG_CXX_LANGUAGE_STANDARD = "gnu++0x";
				CLANG_CXX_LIBRARY = "libc++";
				CLANG_ENABLE_MODULES = YES;
				CLANG_ENABLE_OBJC_ARC = YES;
				CLANG_WARN_BOOL_CONVERSION = YES;
				CLANG_WARN_CONSTANT_CONVERSION = YES;
				CLANG_WARN_DIRECT_OBJC_ISA_USAGE = YES_ERROR;
				CLANG_WARN_EMPTY_BODY = YES;
				CLANG_WARN_ENUM_CONVERSION = YES;
				CLANG_WARN_INT_CONVERSION = YES;
				CLANG_WARN_OBJC_ROOT_CLASS = YES_ERROR;
				CLANG_WARN_UNREACHABLE_CODE = YES;
				CLANG_WARN__DUPLICATE_METHOD_MATCH = YES;
				"CODE_SIGN_IDENTITY[sdk=iphoneos*]" = "iPhone Developer";
				COPY_PHASE_STRIP = NO;
				DEBUG_INFORMATION_FORMAT = dwarf;
				ENABLE_STRICT_OBJC_MSGSEND = YES;
				ENABLE_TESTABILITY = YES;
				GCC_C_LANGUAGE_STANDARD = gnu99;
				GCC_DYNAMIC_NO_PIC = NO;
				GCC_NO_COMMON_BLOCKS = YES;
				GCC_OPTIMIZATION_LEVEL = 0;
				GCC_PREPROCESSOR_DEFINITIONS = (
					"DEBUG=1",
					"$(inherited)",
				);
				GCC_WARN_64_TO_32_BIT_CONVERSION = YES;
				GCC_WARN_ABOUT_RETURN_TYPE = YES_ERROR;
				GCC_WARN_UNDECLARED_SELECTOR = YES;
				GCC_WARN_UNINITIALIZED_AUTOS = YES_AGGRESSIVE;
				GCC_WARN_UNUSED_FUNCTION = YES;
				GCC_WARN_UNUSED_VARIABLE = YES;
				IPHONEOS_DEPLOYMENT_TARGET = 9.3;
				MTL_ENABLE_DEBUG_INFO = YES;
				ONLY_ACTIVE_ARCH = YES;
				SDKROOT = iphoneos;
				SWIFT_OPTIMIZATION_LEVEL = "-Onone";
			};
			name = Debug;
		};
		7EBB0AA11D29BE6500FA0E4A /* Release */ = {
			isa = XCBuildConfiguration;
			buildSettings = {
				ALWAYS_SEARCH_USER_PATHS = NO;
				CLANG_ANALYZER_NONNULL = YES;
				CLANG_CXX_LANGUAGE_STANDARD = "gnu++0x";
				CLANG_CXX_LIBRARY = "libc++";
				CLANG_ENABLE_MODULES = YES;
				CLANG_ENABLE_OBJC_ARC = YES;
				CLANG_WARN_BOOL_CONVERSION = YES;
				CLANG_WARN_CONSTANT_CONVERSION = YES;
				CLANG_WARN_DIRECT_OBJC_ISA_USAGE = YES_ERROR;
				CLANG_WARN_EMPTY_BODY = YES;
				CLANG_WARN_ENUM_CONVERSION = YES;
				CLANG_WARN_INT_CONVERSION = YES;
				CLANG_WARN_OBJC_ROOT_CLASS = YES_ERROR;
				CLANG_WARN_UNREACHABLE_CODE = YES;
				CLANG_WARN__DUPLICATE_METHOD_MATCH = YES;
				"CODE_SIGN_IDENTITY[sdk=iphoneos*]" = "iPhone Developer";
				COPY_PHASE_STRIP = NO;
				DEBUG_INFORMATION_FORMAT = "dwarf-with-dsym";
				ENABLE_NS_ASSERTIONS = NO;
				ENABLE_STRICT_OBJC_MSGSEND = YES;
				GCC_C_LANGUAGE_STANDARD = gnu99;
				GCC_NO_COMMON_BLOCKS = YES;
				GCC_WARN_64_TO_32_BIT_CONVERSION = YES;
				GCC_WARN_ABOUT_RETURN_TYPE = YES_ERROR;
				GCC_WARN_UNDECLARED_SELECTOR = YES;
				GCC_WARN_UNINITIALIZED_AUTOS = YES_AGGRESSIVE;
				GCC_WARN_UNUSED_FUNCTION = YES;
				GCC_WARN_UNUSED_VARIABLE = YES;
				IPHONEOS_DEPLOYMENT_TARGET = 9.3;
				MTL_ENABLE_DEBUG_INFO = NO;
				SDKROOT = iphoneos;
				VALIDATE_PRODUCT = YES;
			};
			name = Release;
		};
		7EBB0AA31D29BE6500FA0E4A /* Debug */ = {
			isa = XCBuildConfiguration;
			buildSettings = {
				ASSETCATALOG_COMPILER_APPICON_NAME = AppIcon;
				INFOPLIST_FILE = rgpoop/Info.plist;
				LD_RUNPATH_SEARCH_PATHS = "$(inherited) @executable_path/Frameworks";
				PRODUCT_BUNDLE_IDENTIFIER = com.jaezenlim.rgpoop;
				PRODUCT_NAME = "$(TARGET_NAME)";
			};
			name = Debug;
		};
		7EBB0AA41D29BE6500FA0E4A /* Release */ = {
			isa = XCBuildConfiguration;
			buildSettings = {
				ASSETCATALOG_COMPILER_APPICON_NAME = AppIcon;
				INFOPLIST_FILE = rgpoop/Info.plist;
				LD_RUNPATH_SEARCH_PATHS = "$(inherited) @executable_path/Frameworks";
				PRODUCT_BUNDLE_IDENTIFIER = com.jaezenlim.rgpoop;
				PRODUCT_NAME = "$(TARGET_NAME)";
			};
			name = Release;
		};
/* End XCBuildConfiguration section */

/* Begin XCConfigurationList section */
		7EBB0A8B1D29BE6400FA0E4A /* Build configuration list for PBXProject "rgpoop" */ = {
			isa = XCConfigurationList;
			buildConfigurations = (
				7EBB0AA01D29BE6500FA0E4A /* Debug */,
				7EBB0AA11D29BE6500FA0E4A /* Release */,
			);
			defaultConfigurationIsVisible = 0;
			defaultConfigurationName = Release;
		};
		7EBB0AA21D29BE6500FA0E4A /* Build configuration list for PBXNativeTarget "rgpoop" */ = {
			isa = XCConfigurationList;
			buildConfigurations = (
				7EBB0AA31D29BE6500FA0E4A /* Debug */,
				7EBB0AA41D29BE6500FA0E4A /* Release */,
			);
			defaultConfigurationIsVisible = 0;
		};
/* End XCConfigurationList section */
	};
	rootObject = 7EBB0A881D29BE6400FA0E4A /* Project object */;
}
